github.com/agext/levenshtein v1.2.1/go.mod h1:JEDfjyjHDjOF/1e4FlBE/PkbqA9OfWu2ki2W0IB5558=
github.com/agext/levenshtein v1.2.2 h1:0S/Yg6LYmFJ5stwQeRp6EeOcCbj7xiqQSdNelsXvaqE=
github.com/agext/levenshtein v1.2.2/go.mod h1:JEDfjyjHDjOF/1e4FlBE/PkbqA9OfWu2ki2W0IB5558=
github.com/apparentlymart/go-dump v0.0.0-20180507223929-23540a00eaa3/go.mod h1:oL81AME2rN47vu18xqj1S1jPIPuN7afo62yKTNn3XMM=
github.com/apparentlymart/go-textseg v1.0.0 h1:rRmlIsPEEhUTIKQb7T++Nz/A5Q6C9IuX2wFoYVvnCs0=
github.com/apparentlymart/go-textseg v1.0.0/go.mod h1:z96Txxhf3xSFMPmb5X/1W05FF/Nj9VFpLOpjS5yuumk=
github.com/aws/aws-sdk-go-v2 v1.17.5 h1:TzCUW1Nq4H8Xscph5M/skINUitxM5UBAyvm2s7XBzL4=
github.com/aws/aws-sdk-go-v2 v1.17.5/go.mod h1:uzbQtefpm44goOPmdKyAlXSNcwlRgF3ePWVW6EtJvvw=
github.com/aws/aws-sdk-go-v2/aws/protocol/eventstream v1.4.10 h1:dK82zF6kkPeCo8J1e+tGx4JdvDIQzj7ygIoLg8WMuGs=
github.com/aws/aws-sdk-go-v2/aws/protocol/eventstream v1.4.10/go.mod h1:VeTZetY5KRJLuD/7fkQXMU6Mw7H5m/KP2J5Iy9osMno=
github.com/aws/aws-sdk-go-v2/config v1.18.15 h1:509yMO0pJUGUugBP2H9FOFyV+7Mz7sRR+snfDN5W4NY=
github.com/aws/aws-sdk-go-v2/config v1.18.15/go.mod h1:vS0tddZqpE8cD9CyW0/kITHF5Bq2QasW9Y1DFHD//O0=
github.com/aws/aws-sdk-go-v2/credentials v1.13.15 h1:0rZQIi6deJFjOEgHI9HI2eZcLPPEGQPictX66oRFLL8=
github.com/aws/aws-sdk-go-v2/credentials v1.13.15/go.mod h1:vRMLMD3/rXU+o6j2MW5YefrGMBmdTvkLLGqFwMLBHQc=
github.com/aws/aws-sdk-go-v2/feature/ec2/imds v1.12.23 h1:Kbiv9PGnQfG/imNI4L/heyUXvzKmcWSBeDvkrQz5pFc=
github.com/aws/aws-sdk-go-v2/feature/ec2/imds v1.12.23/go.mod h1:mOtmAg65GT1HIL/HT/PynwPbS+UG0BgCZ6vhkPqnxWo=
github.com/aws/aws-sdk-go-v2/feature/s3/manager v1.11.55 h1:ClZKHmu2QIRQCEQ2Y2upfu4JPO0pG69Ce5eiq3PS2V4=
github.com/aws/aws-sdk-go-v2/feature/s3/manager v1.11.55/go.mod h1:L/h5B6I7reig2QJXCGY0e0NVx4hYCcjETmsfR02hFng=
github.com/aws/aws-sdk-go-v2/internal/configsources v1.1.29 h1:9/aKwwus0TQxppPXFmf010DFrE+ssSbzroLVYINA+xE=
github.com/aws/aws-sdk-go-v2/internal/configsources v1.1.29/go.mod h1:Dip3sIGv485+xerzVv24emnjX5Sg88utCL8fwGmCeWg=
github.com/aws/aws-sdk-go-v2/internal/endpoints/v2 v2.4.23 h1:b/Vn141DBuLVgXbhRWIrl9g+ww7G+ScV5SzniWR13jQ=
github.com/aws/aws-sdk-go-v2/internal/endpoints/v2 v2.4.23/go.mod h1:mr6c4cHC+S/MMkrjtSlG4QA36kOznDep+0fga5L/fGQ=
github.com/aws/aws-sdk-go-v2/internal/ini v1.3.30 h1:IVx9L7YFhpPq0tTnGo8u8TpluFu7nAn9X3sUDMb11c0=
github.com/aws/aws-sdk-go-v2/internal/ini v1.3.30/go.mod h1:vsbq62AOBwQ1LJ/GWKFxX8beUEYeRp/Agitrxee2/qM=
github.com/aws/aws-sdk-go-v2/internal/v4a v1.0.21 h1:QdxdY43AiwsqG/VAqHA7bIVSm3rKr8/p9i05ydA0/RM=
github.com/aws/aws-sdk-go-v2/internal/v4a v1.0.21/go.mod h1:QtIEat7ksHH8nFItljyvMI0dGj8lipK2XZ4PhNihTEU=
github.com/aws/aws-sdk-go-v2/service/internal/accept-encoding v1.9.11 h1:y2+VQzC6Zh2ojtV2LoC0MNwHWc6qXv/j2vrQtlftkdA=
github.com/aws/aws-sdk-go-v2/service/internal/accept-encoding v1.9.11/go.mod h1:iV4q2hsqtNECrfmlXyord9u4zyuFEJX9eLgLpSPzWA8=
github.com/aws/aws-sdk-go-v2/service/internal/checksum v1.1.24 h1:Qmm8klpAdkuN3/rPrIMa/hZQ1z93WMBPjOzdAsbSnlo=
github.com/aws/aws-sdk-go-v2/service/internal/checksum v1.1.24/go.mod h1:QelGeWBVRh9PbbXsfXKTFlU9FjT6W2yP+dW5jMQzOkg=
github.com/aws/aws-sdk-go-v2/service/internal/presigned-url v1.9.23 h1:QoOybhwRfciWUBbZ0gp9S7XaDnCuSTeK/fySB99V1ls=
github.com/aws/aws-sdk-go-v2/service/internal/presigned-url v1.9.23/go.mod h1:9uPh+Hrz2Vn6oMnQYiUi/zbh3ovbnQk19YKINkQny44=
github.com/aws/aws-sdk-go-v2/service/internal/s3shared v1.13.23 h1:qc+RW0WWZ2KApMnsu/EVCPqLTyIH55uc7YQq7mq4XqE=
github.com/aws/aws-sdk-go-v2/service/internal/s3shared v1.13.23/go.mod h1:FJhZWVWBCcgAF8jbep7pxQ1QUsjzTwa9tvEXGw2TDRo=
github.com/aws/aws-sdk-go-v2/service/proton v1.20.3 h1:jcJeALhHrPufi1p3yJV0UhRcLFzIjwkl+5UaN3gbmI8=
github.com/aws/aws-sdk-go-v2/service/proton v1.20.3/go.mod h1:o7oSUtJ+VE7glg1jyTwLLw0AjBdEW49/heU6QkwbOVI=
github.com/aws/aws-sdk-go-v2/service/s3 v1.30.5 h1:kFfb+NMap4R7nDvBYyABa/nw7KFMtAfygD1Hyoxh4uE=
github.com/aws/aws-sdk-go-v2/service/s3 v1.30.5/go.mod h1:Dze3kNt4T+Dgb8YCfuIFSBLmE6hadKNxqfdF0Xmqz1I=
github.com/aws/aws-sdk-go-v2/service/sso v1.12.4 h1:qJdM48OOLl1FBSzI7ZrA1ZfLwOyCYqkXV5lko1hYDBw=
github.com/aws/aws-sdk-go-v2/service/sso v1.12.4/go.mod h1:jtLIhd+V+lft6ktxpItycqHqiVXrPIRjWIsFIlzMriw=
github.com/aws/aws-sdk-go-v2/service/ssooidc v1.14.4 h1:YRkWXQveFb0tFC0TLktmmhGsOcCgLwvq88MC2al47AA=
github.com/aws/aws-sdk-go-v2/service/ssooidc v1.14.4/go.mod h1:zVwRrfdSmbRZWkUkWjOItY7SOalnFnq/Yg2LVPqDjwc=
github.com/aws/aws-sdk-go-v2/service/sts v1.18.5 h1:L1600eLr0YvTT7gNh3Ni24yGI7NSHkq9Gp62vijPRCs=
github.com/aws/aws-sdk-go-v2/service/sts v1.18.5/go.mod h1:1mKZHLLpDMHTNSYPJ7qrcnCQdHCWsNQaT0xRvq2u80s=
github.com/aws/smithy-go v1.13.5 h1:hgz0X/DX0dGqTYpGALqXJoRKRj5oQ7150i5FdTePzO8=
github.com/aws/smithy-go v1.13.5/go.mod h1:Tg+OJXh4MB2R/uN61Ko2f6hTZwB/ZYGOtib8J3gBHzA=
github.com/cpuguy83/go-md2man/v2 v2.0.2/go.mod h1:tgQtvFlXSQOSOSIRvRPT7W67SCa46tRHOmNcaadrF8o=
github.com/davecgh/go-spew v1.1.0/go.mod h1:J7Y8YcW2NihsgmVo/mv3lAwl/skON4iLHjSsI+c5H38=
github.com/davecgh/go-spew v1.1.1 h1:vj9j/u1bqnvCEfJOwUhtlOARqs3+rkHYY13jYWTU97c=
github.com/davecgh/go-spew v1.1.1/go.mod h1:J7Y8YcW2NihsgmVo/mv3lAwl/skON4iLHjSsI+c5H38=
github.com/go-test/deep v1.0.3 h1:ZrJSEWsXzPOxaZnFteGEfooLba+ju3FYIbOrS+rQd68=
github.com/go-test/deep v1.0.3/go.mod h1:wGDj63lr65AM2AQyKZd/NYHGb0R+1RLqB8NKt3aSFNA=
github.com/golang/protobuf v1.1.0/go.mod h1:6lQm79b+lXiMfvg/cZm0SGofjICqVBUtrP5yJMmIC1U=
github.com/google/go-cmp v0.2.0/go.mod h1:oXzfMopK8JAjlY9xF4vHSVASa0yLyX7SntLO5aqRK0M=
github.com/google/go-cmp v0.5.8 h1:e6P7q2lk1O+qJJb4BtCQXlK8vWEO8V1ZeuEdJNOqZyg=
github.com/google/go-cmp v0.5.8/go.mod h1:17dUlkBOakJ0+DkrSSNjCkIjxS6bF9zb3elmeNGIjoY=
github.com/hack-pad/hackpadfs v0.2.1 h1:FelFhIhv26gyjujoA/yeFO+6YGlqzmc9la/6iKMIxMw=
github.com/hack-pad/hackpadfs v0.2.1/go.mod h1:khQBuCEwGXWakkmq8ZiFUvUZz84ZkJ2KNwKvChs4OrU=
github.com/hashicorp/hcl v0.0.0-20170504190234-a4b07c25de5f h1:UdxlrJz4JOnY8W+DbLISwf2B8WXEolNRA8BGCwI9jws=
github.com/hashicorp/hcl v0.0.0-20170504190234-a4b07c25de5f/go.mod h1:oZtUIOe8dh44I2q6ScRibXws4Ajl+d+nod3AaR9vL5w=
github.com/hashicorp/hcl/v2 v2.0.0 h1:efQznTz+ydmQXq3BOnRa3AXzvCeTq1P4dKj/z5GLlY8=
github.com/hashicorp/hcl/v2 v2.0.0/go.mod h1:oVVDG71tEinNGYCxinCYadcmKU9bglqW9pV3txagJ90=
github.com/hashicorp/terraform-config-inspect v0.0.0-20230308124657-d7dec65d5f3a h1:ioh/hkj66reatJ97/e+9ElFOBZtQNzmEjxxsuo+bv5Q=
github.com/hashicorp/terraform-config-inspect v0.0.0-20230308124657-d7dec65d5f3a/go.mod h1:l8HcFPm9cQh6Q0KSWoYPiePqMvRFenybP1CH2MjKdlg=
github.com/inconshreveable/mousetrap v1.0.1 h1:U3uMjPSQEBMNp1lFxmllqCPM6P5u/Xq7Pgzkat/bFNc=
github.com/inconshreveable/mousetrap v1.0.1/go.mod h1:vpF70FUmC8bwa3OWnCshd2FqLfsEA9PFc4w1p2J65bw=
github.com/jmespath/go-jmespath v0.4.0 h1:BEgLn5cpjn8UN1mAw4NjwDrS35OdebyEtFe+9YPoQUg=
github.com/jmespath/go-jmespath v0.4.0/go.mod h1:T8mJZnbsbmF+m6zOOFylbeCJqk5+pHWvzYPziyZiYoo=
github.com/jmespath/go-jmespath/internal/testify v1.5.1 h1:shLQSRRSCCPj3f2gpwzGwWFoC7ycTf1rcQZHOlsJ6N8=
github.com/jmespath/go-jmespath/internal/testify v1.5.1/go.mod h1:L3OGu8Wl2/fWfCI6z80xFu9LTZmf1ZRjMHUOPmWr69U=
github.com/jritsema/scaffolder v0.1.0 h1:T208slBQodaPuVqvcrBV1woQ/+K1bsTr7Ydiz3Z+2AE=
github.com/jritsema/scaffolder v0.1.0/go.mod h1:yEmP/A5AmzMid0pxpJqEPRyCuo5T2Aw+S7m+PPa3maQ=
github.com/kr/pretty v0.1.0 h1:L/CwN0zerZDmRFUapSPitk6f+Q3+0za1rQkzVuMiMFI=
github.com/kr/pretty v0.1.0/go.mod h1:dAy3ld7l9f0ibDNOQOHHMYYIIbhfbHSm3C4ZsoJORNo=
github.com/kr/pty v1.1.1/go.mod h1:pFQYn66WHrOpPYNljwOMqo10TkYh1fy3cYio2l3bCsQ=
github.com/kr/text v0.1.0 h1:45sCR5RtlFHMR4UwH9sdQ5TC8v0qDQCHnXt+kaKSTVE=
github.com/kr/text v0.1.0/go.mod h1:4Jbv+DJW3UT/LiOwJeYQe1efqtUx/iVham/4vfdArNI=
github.com/kylelemons/godebug v0.0.0-20170820004349-d65d576e9348/go.mod h1:B69LEHPfb2qLo0BaaOLcbitczOKLWTsrBG9LczfCD4k=
github.com/kylelemons/godebug v1.1.0 h1:RPNrshWIDI6G2gRW9EHilWtl7Z6Sb1BR0xunSBf0SNc=
github.com/mitchellh/go-wordwrap v0.0.0-20150314170334-ad45545899c7/go.mod h1:ZXFpozHsX6DPmq2I0TCekCxypsnAUbP2oI0UX1GXzOo=
github.com/mitchellh/go-wordwrap v1.0.0 h1:6GlHJ/LTGMrIJbwgdqdl2eEH8o+Exx/0m8ir9Gns0u4=
github.com/mitchellh/go-wordwrap v1.0.0/go.mod h1:ZXFpozHsX6DPmq2I0TCekCxypsnAUbP2oI0UX1GXzOo=
github.com/pmezard/go-difflib v1.0.0 h1:4DBwDE0NGyQoBHbLQYPwSUPoCMWR5BEzIk/f1lZbAQM=
github.com/pmezard/go-difflib v1.0.0/go.mod h1:iKH77koFhYxTK1pcRnkKkqfTogsbg7gZNVY4sRDYZ/4=
github.com/russross/blackfriday/v2 v2.1.0/go.mod h1:+Rmxgy9KzJVeS9/2gXHxylqXiyQDYRxCVz55jmeOWTM=
github.com/sergi/go-diff v1.0.0 h1:Kpca3qRNrduNnOQeazBd0ysaKrUJiIuISHxogkT9RPQ=
github.com/sergi/go-diff v1.0.0/go.mod h1:0CfEIISq7TuYL3j771MWULgwwjU+GofnZX9QAmXWZgo=
github.com/spf13/cobra v1.6.1 h1:o94oiPyS4KD1mPy2fmcYYHHfCxLqYjJOhGsCHFZtEzA=
github.com/spf13/cobra v1.6.1/go.mod h1:IOw/AERYS7UzyrGinqmz6HLUo219MORXGxhbaJUqzrY=
github.com/spf13/pflag v1.0.2/go.mod h1:DYY7MBk1bdzusC3SYhjObp+wFpr4gzcvqqNjLnInEg4=
github.com/spf13/pflag v1.0.5 h1:iy+VFUOCP1a+8yFto/drg2CJ5u0yRoB7fZw3DKv/JXA=
github.com/spf13/pflag v1.0.5/go.mod h1:McXfInJRrz4CZXVZOBLb0bTZqETkiAhM9Iw0y3An2Bg=
github.com/stretchr/objx v0.1.0/go.mod h1:HFkY916IF+rwdDfMAkV7OtwuqBVzrE8GR6GFx+wExME=
github.com/stretchr/testify v1.2.2/go.mod h1:a8OnRcib4nhh0OaRAV+Yts87kKdq0PP7pXfy6kDkUVs=
github.com/vmihailenco/msgpack v3.3.3+incompatible/go.mod h1:fy3FlTQTDXWkZ7Bh6AcGMlsjHatGryHQYUTf1ShIgkk=
github.com/zclconf/go-cty v1.1.0 h1:uJwc9HiBOCpoKIObTQaLR+tsEXx1HBHnOsOOpcdhZgw=
github.com/zclconf/go-cty v1.1.0/go.mod h1:xnAOWiHeOqg2nWS62VtQ7pbOu17FtxJNW8RLEih+O3s=
golang.org/x/crypto v0.0.0-20190308221718-c2843e01d9a2/go.mod h1:djNgcEr1/C05ACkg1iLfiJU5Ep61QUkGW8qpdssI0+w=
golang.org/x/crypto v0.0.0-20190426145343-a29dc8fdc734/go.mod h1:yigFU9vqHzYiE8UmvKecakEJjdnWj3jj499lnFckfCI=
golang.org/x/net v0.0.0-20180811021610-c39426892332/go.mod h1:mL1N/T3taQHkDXs73rZJwtUhF3w3ftmwwsq0BUmARs4=
golang.org/x/net v0.0.0-20190404232315-eb5bcb51f2a3/go.mod h1:t9HGtf8HONx5eT2rtn7q6eTqICYqUVnKs3thJo3Qplg=
golang.org/x/sync v0.0.0-20180314180146-1d60e4601c6f/go.mod h1:RxMgew5VJxzue5/jJTE5uejpjVlOe/izrB70Jof72aM=
golang.org/x/sys v0.0.0-20190215142949-d0b11bdaac8a/go.mod h1:STP8DvDyc/dI5b8T5hshtkjS+E42TnysNCUPdjciGhY=
golang.org/x/sys v0.0.0-20190412213103-97732733099d/go.mod h1:h1NjWce9XRLGQEsW7wpKNCjG9DtNlClVuFLEZdDNbEs=
golang.org/x/sys v0.0.0-20190502175342-a43fa875dd82/go.mod h1:h1NjWce9XRLGQEsW7wpKNCjG9DtNlClVuFLEZdDNbEs=
golang.org/x/text v0.3.0/go.mod h1:NqM8EUOU14njkJ3fqMW+pc6Ldnwhi/IjpwHt7yyuwOQ=
golang.org/x/text v0.3.2/go.mod h1:bEr9sfX3Q8Zfm5fL9x+3itogRgK3+ptLWKqgva+5dAk=
golang.org/x/text v0.3.8 h1:nAL+RVCQ9uMn3vJZbV+MRnydTJFPf8qqY42YiA6MrqY=
golang.org/x/text v0.3.8/go.mod h1:E6s5w1FMmriuDzIBO73fBruAKo1PCIq6d2Q6DHfQ8WQ=
golang.org/x/tools v0.0.0-20180917221912-90fa682c2a6e/go.mod h1:n7NCudcB/nEzxVGmLbDWY5pfWTLqBcC2KZ6jyYvM4mQ=
google.golang.org/appengine v1.1.0/go.mod h1:EbEs0AVv82hx2wNQdGPgUI5lhzA/G0D9YwlJXL52JkM=
gopkg.in/check.v1 v0.0.0-20161208181325-20d25e280405/go.mod h1:Co6ibVJAznAaIkqp8huTwlJQCZ016jof/cbN4VW5Yz0=
gopkg.in/check.v1 v1.0.0-20180628173108-788fd7840127 h1:qIbj1fsPNlZgppZ+VLlY7N33q108Sa+fhmuc+sWQYwY=
gopkg.in/check.v1 v1.0.0-20180628173108-788fd7840127/go.mod h1:Co6ibVJAznAaIkqp8huTwlJQCZ016jof/cbN4VW5Yz0=
gopkg.in/yaml.v2 v2.2.8 h1:obN1ZagJSUGI0Ek/LBmuj4SNLPfIny3KsKFopxRdj10=
gopkg.in/yaml.v2 v2.2.8/go.mod h1:hI93XBmqTisBFMUTm0b8Fm+jr3Dg1NNxqwp+5A1VGuI=
gopkg.in/yaml.v3 v3.0.1 h1:fxVm/GzAzEWqLHuvctI91KS9hhNmmWOoWu0XTYJS7CA=
gopkg.in/yaml.v3 v3.0.1/go.mod h1:K4uyk7z7BCEPqu6E+C64Yfv1cQ7kz7rIZviUmN+EgEM=
